
Microsoft Visual Studio Solution File, Format Version 12.00
# Visual Studio Version 17
VisualStudioVersion = 17.2.32616.157
MinimumVisualStudioVersion = 10.0.40219.1
Project("{8BC9CEB8-8B4A-11D0-8D11-00A0C91BC942}") = "CPP_Lecture_Section5", "CPP_Lecture_Section5\CPP_Lecture_Section5.vcxproj", "{FE4F13F8-32C6-44E1-AC2F-7C0888B15C2D}"
EndProject
Global
	GlobalSection(SolutionConfigurationPlatforms) = preSolution
		Debug|x64 = Debug|x64
		Debug|x86 = Debug|x86
		Release|x64 = Release|x64
		Release|x86 = Release|x86
	EndGlobalSection
	GlobalSection(ProjectConfigurationPlatforms) = postSolution
		{FE4F13F8-32C6-44E1-AC2F-7C0888B15C2D}.Debug|x64.ActiveCfg = Debug|x64
		{FE4F13F8-32C6-44E1-AC2F-7C0888B15C2D}.Debug|x64.Build.0 = Debug|x64
		{FE4F13F8-32C6-44E1-AC2F-7C0888B15C2D}.Debug|x86.ActiveCfg = Debug|Win32
		{FE4F13F8-32C6-44E1-AC2F-7C0888B15C2D}.Debug|x86.Build.0 = Debug|Win32
		{FE4F13F8-32C6-44E1-AC2F-7C0888B15C2D}.Release|x64.ActiveCfg = Release|x64
		{FE4F13F8-32C6-44E1-AC2F-7C0888B15C2D}.Release|x64.Build.0 = Release|x64
		{FE4F13F8-32C6-44E1-AC2F-7C0888B15C2D}.Release|x86.ActiveCfg = Release|Win32
		{FE4F13F8-32C6-44E1-AC2F-7C0888B15C2D}.Release|x86.Build.0 = Release|Win32
	EndGlobalSection
	GlobalSection(SolutionProperties) = preSolution
		HideSolutionNode = FALSE
	EndGlobalSection
	GlobalSection(ExtensibilityGlobals) = postSolution
		SolutionGuid = {904DE6F7-ED4D-4639-AFC5-7B0C1BF73D02}
	EndGlobalSection
EndGlobal
