
Microsoft Visual Studio Solution File, Format Version 12.00
# Visual Studio Version 17
VisualStudioVersion = 17.2.32616.157
MinimumVisualStudioVersion = 10.0.40219.1
Project("{8BC9CEB8-8B4A-11D0-8D11-00A0C91BC942}") = "Section10-CallBackFunction", "Section10-CallBackFunction\Section10-CallBackFunction.vcxproj", "{C68A5A25-B71B-4725-B502-D4E57B3058E6}"
EndProject
Global
	GlobalSection(SolutionConfigurationPlatforms) = preSolution
		Debug|x64 = Debug|x64
		Debug|x86 = Debug|x86
		Release|x64 = Release|x64
		Release|x86 = Release|x86
	EndGlobalSection
	GlobalSection(ProjectConfigurationPlatforms) = postSolution
		{C68A5A25-B71B-4725-B502-D4E57B3058E6}.Debug|x64.ActiveCfg = Debug|x64
		{C68A5A25-B71B-4725-B502-D4E57B3058E6}.Debug|x64.Build.0 = Debug|x64
		{C68A5A25-B71B-4725-B502-D4E57B3058E6}.Debug|x86.ActiveCfg = Debug|Win32
		{C68A5A25-B71B-4725-B502-D4E57B3058E6}.Debug|x86.Build.0 = Debug|Win32
		{C68A5A25-B71B-4725-B502-D4E57B3058E6}.Release|x64.ActiveCfg = Release|x64
		{C68A5A25-B71B-4725-B502-D4E57B3058E6}.Release|x64.Build.0 = Release|x64
		{C68A5A25-B71B-4725-B502-D4E57B3058E6}.Release|x86.ActiveCfg = Release|Win32
		{C68A5A25-B71B-4725-B502-D4E57B3058E6}.Release|x86.Build.0 = Release|Win32
	EndGlobalSection
	GlobalSection(SolutionProperties) = preSolution
		HideSolutionNode = FALSE
	EndGlobalSection
	GlobalSection(ExtensibilityGlobals) = postSolution
		SolutionGuid = {494F5ADF-FCA1-43DF-AE84-4084B8F44796}
	EndGlobalSection
EndGlobal
